{
    "_meta": {
        "hash": {
            "sha256": "2f6e4df259e3c2bad7be930f474d05cda6f858cd3f7087e6b6778f7ce5a435ec"
        },
        "pipfile-spec": 6,
        "requires": {
            "python_version": "3.8"
        },
        "sources": [
            {
                "name": "pypi",
                "url": "https://pypi.org/simple",
                "verify_ssl": true
            }
        ]
    },
    "default": {
        "astroid": {
            "hashes": [
                "sha256:87ae7f2398b8a0ae5638ddecf9987f081b756e0e9fc071aeebdca525671fc4dc",
                "sha256:b31c92f545517dcc452f284bc9c044050862fbe6d93d2b3de4a215a6b384bf0d"
            ],
            "version": "==2.5"
        },
        "beautifulsoup4": {
            "hashes": [
                "sha256:73cc4d115b96f79c7d77c1c7f7a0a8d4c57860d1041df407dd1aae7f07a77fd7",
                "sha256:a6237df3c32ccfaee4fd201c8f5f9d9df619b93121d01353a64a73ce8c6ef9a8",
                "sha256:e718f2342e2e099b640a34ab782407b7b676f47ee272d6739e60b8ea23829f2c"
            ],
            "index": "pypi",
            "version": "==4.9.1"
        },
        "cachetools": {
            "hashes": [
                "sha256:2cc0b89715337ab6dbba85b5b50effe2b0c74e035d83ee8ed637cf52f12ae001",
                "sha256:61b5ed1e22a0924aed1d23b478f37e8d52549ff8a961de2909c69bf950020cff"
            ],
            "version": "==4.2.2"
        },
        "certifi": {
            "hashes": [
                "sha256:1a4995114262bffbc2413b159f2a1a480c969de6e6eb13ee966d470af86af59c",
                "sha256:719a74fb9e33b9bd44cc7f3a8d94bc35e4049deebe19ba7d8e108280cfd59830"
            ],
            "version": "==2020.12.5"
        },
        "chardet": {
            "hashes": [
                "sha256:84ab92ed1c4d4f16916e05906b6b75a6c0fb5db821cc65e70cbd64a3e2a5eaae",
                "sha256:fc323ffcaeaed0e0a02bf4d117757b98aed530d9ed4531e3e15460124c106691"
            ],
            "version": "==3.0.4"
        },
        "colorama": {
            "hashes": [
                "sha256:5941b2b48a20143d2267e95b1c2a7603ce057ee39fd88e7329b0c292aa16869b",
                "sha256:9f47eda37229f68eee03b24b9748937c7dc3868f906e8ba69fbcbdd3bc5dc3e2"
            ],
            "version": "==0.4.4"
        },
        "configparser": {
            "hashes": [
                "sha256:85d5de102cfe6d14a5172676f09d19c465ce63d6019cf0a4ef13385fc535e828",
                "sha256:af59f2cdd7efbdd5d111c1976ecd0b82db9066653362f0962d7bf1d3ab89a1fa"
            ],
            "version": "==5.0.2"
        },
        "crayons": {
            "hashes": [
                "sha256:bd33b7547800f2cfbd26b38431f9e64b487a7de74a947b0fafc89b45a601813f",
                "sha256:e73ad105c78935d71fe454dd4b85c5c437ba199294e7ffd3341842bc683654b1"
            ],
            "version": "==0.4.0"
        },
        "et-xmlfile": {
            "hashes": [
                "sha256:8eb9e2bc2f8c97e37a2dc85a09ecdcdec9d8a396530a6d5a33b30b9a92da0c5c",
                "sha256:a2ba85d1d6a74ef63837eed693bcb89c3f752169b0e3e7ae5b16ca5e1b3deada"
            ],
            "version": "==1.1.0"
        },
        "google-auth": {
            "hashes": [
                "sha256:588bdb03a41ecb4978472b847881e5518b5d9ec6153d3d679aa127a55e13b39f",
                "sha256:9ad25fba07f46a628ad4d0ca09f38dcb262830df2ac95b217f9b0129c9e42206"
            ],
            "version": "==1.30.0"
        },
        "google-auth-oauthlib": {
            "hashes": [
                "sha256:09832c6e75032f93818edf1affe4746121d640c625a5bef9b5c96af676e98eee",
                "sha256:0e92aacacfb94978de3b7972cf4b0f204c3cd206f74ddd0dc0b31e91164e6317"
            ],
            "version": "==0.4.4"
        },
        "gspread": {
            "hashes": [
                "sha256:273da28275eb8dc664b1ca944e59255949d75ac3cac62d65797003dbb419a2cd",
                "sha256:e04f1a6267b3929fc1600424c5ec83906d439672cafdd61a9d5b916a139f841c"
            ],
            "index": "pypi",
            "version": "==3.6.0"
        },
        "httplib2": {
            "hashes": [
                "sha256:0b12617eeca7433d4c396a100eaecfa4b08ee99aa881e6df6e257a7aad5d533d",
                "sha256:2ad195faf9faf079723f6714926e9a9061f694d07724b846658ce08d40f522b4"
            ],
            "version": "==0.19.1"
        },
        "idna": {
            "hashes": [
                "sha256:b307872f855b18632ce0c21c5e45be78c0ea7ae4c15c828c20788b26921eb3f6",
                "sha256:b97d804b1e9b523befed77c48dacec60e6dcb0b5391d57af6a65a312a90648c0"
            ],
            "version": "==2.10"
        },
        "isort": {
            "hashes": [
                "sha256:0a943902919f65c5684ac4e0154b1ad4fac6dcaa5d9f3426b732f1c8b5419be6",
                "sha256:2bb1680aad211e3c9944dbce1d4ba09a989f04e238296c87fe2139faa26d655d"
            ],
            "version": "==5.8.0"
        },
        "jdcal": {
            "hashes": [
                "sha256:1abf1305fce18b4e8aa248cf8fe0c56ce2032392bc64bbd61b5dff2a19ec8bba",
                "sha256:472872e096eb8df219c23f2689fc336668bdb43d194094b5cc1707e1640acfc8"
            ],
            "version": "==1.4.1"
        },
        "lazy-object-proxy": {
            "hashes": [
                "sha256:17e0967ba374fc24141738c69736da90e94419338fd4c7c7bef01ee26b339653",
                "sha256:1fee665d2638491f4d6e55bd483e15ef21f6c8c2095f235fef72601021e64f61",
                "sha256:22ddd618cefe54305df49e4c069fa65715be4ad0e78e8d252a33debf00f6ede2",
                "sha256:24a5045889cc2729033b3e604d496c2b6f588c754f7a62027ad4437a7ecc4837",
                "sha256:410283732af311b51b837894fa2f24f2c0039aa7f220135192b38fcc42bd43d3",
                "sha256:4732c765372bd78a2d6b2150a6e99d00a78ec963375f236979c0626b97ed8e43",
                "sha256:489000d368377571c6f982fba6497f2aa13c6d1facc40660963da62f5c379726",
                "sha256:4f60460e9f1eb632584c9685bccea152f4ac2130e299784dbaf9fae9f49891b3",
                "sha256:5743a5ab42ae40caa8421b320ebf3a998f89c85cdc8376d6b2e00bd12bd1b587",
                "sha256:85fb7608121fd5621cc4377a8961d0b32ccf84a7285b4f1d21988b2eae2868e8",
                "sha256:9698110e36e2df951c7c36b6729e96429c9c32b3331989ef19976592c5f3c77a",
                "sha256:9d397bf41caad3f489e10774667310d73cb9c4258e9aed94b9ec734b34b495fd",
                "sha256:b579f8acbf2bdd9ea200b1d5dea36abd93cabf56cf626ab9c744a432e15c815f",
                "sha256:b865b01a2e7f96db0c5d12cfea590f98d8c5ba64ad222300d93ce6ff9138bcad",
                "sha256:bf34e368e8dd976423396555078def5cfc3039ebc6fc06d1ae2c5a65eebbcde4",
                "sha256:c6938967f8528b3668622a9ed3b31d145fab161a32f5891ea7b84f6b790be05b",
                "sha256:d1c2676e3d840852a2de7c7d5d76407c772927addff8d742b9808fe0afccebdf",
                "sha256:d7124f52f3bd259f510651450e18e0fd081ed82f3c08541dffc7b94b883aa981",
                "sha256:d900d949b707778696fdf01036f58c9876a0d8bfe116e8d220cfd4b15f14e741",
                "sha256:ebfd274dcd5133e0afae738e6d9da4323c3eb021b3e13052d8cbd0e457b1256e",
                "sha256:ed361bb83436f117f9917d282a456f9e5009ea12fd6de8742d1a4752c3017e93",
                "sha256:f5144c75445ae3ca2057faac03fda5a902eff196702b0a24daf1d6ce0650514b"
            ],
            "version": "==1.6.0"
        },
        "lxml": {
            "hashes": [
                "sha256:05a444b207901a68a6526948c7cc8f9fe6d6f24c70781488e32fd74ff5996e3f",
                "sha256:08fc93257dcfe9542c0a6883a25ba4971d78297f63d7a5a26ffa34861ca78730",
                "sha256:107781b213cf7201ec3806555657ccda67b1fccc4261fb889ef7fc56976db81f",
                "sha256:121b665b04083a1e85ff1f5243d4a93aa1aaba281bc12ea334d5a187278ceaf1",
                "sha256:1fa21263c3aba2b76fd7c45713d4428dbcc7644d73dcf0650e9d344e433741b3",
                "sha256:2b30aa2bcff8e958cd85d907d5109820b01ac511eae5b460803430a7404e34d7",
                "sha256:4b4a111bcf4b9c948e020fd207f915c24a6de3f1adc7682a2d92660eb4e84f1a",
                "sha256:5591c4164755778e29e69b86e425880f852464a21c7bb53c7ea453bbe2633bbe",
                "sha256:59daa84aef650b11bccd18f99f64bfe44b9f14a08a28259959d33676554065a1",
                "sha256:5a9c8d11aa2c8f8b6043d845927a51eb9102eb558e3f936df494e96393f5fd3e",
                "sha256:5dd20538a60c4cc9a077d3b715bb42307239fcd25ef1ca7286775f95e9e9a46d",
                "sha256:6f767d11803dbd1274e43c8c0b2ff0a8db941e6ed0f5d44f852fb61b9d544b54",
                "sha256:74f48ec98430e06c1fa8949b49ebdd8d27ceb9df8d3d1c92e1fdc2773f003f20",
                "sha256:786aad2aa20de3dbff21aab86b2fb6a7be68064cbbc0219bde414d3a30aa47ae",
                "sha256:7ad7906e098ccd30d8f7068030a0b16668ab8aa5cda6fcd5146d8d20cbaa71b5",
                "sha256:80a38b188d20c0524fe8959c8ce770a8fdf0e617c6912d23fc97c68301bb9aba",
                "sha256:8f0ec6b9b3832e0bd1d57af41f9238ea7709bbd7271f639024f2fc9d3bb01293",
                "sha256:92282c83547a9add85ad658143c76a64a8d339028926d7dc1998ca029c88ea6a",
                "sha256:94150231f1e90c9595ccc80d7d2006c61f90a5995db82bccbca7944fd457f0f6",
                "sha256:9dc9006dcc47e00a8a6a029eb035c8f696ad38e40a27d073a003d7d1443f5d88",
                "sha256:a76979f728dd845655026ab991df25d26379a1a8fc1e9e68e25c7eda43004bed",
                "sha256:aa8eba3db3d8761db161003e2d0586608092e217151d7458206e243be5a43843",
                "sha256:bea760a63ce9bba566c23f726d72b3c0250e2fa2569909e2d83cda1534c79443",
                "sha256:c3f511a3c58676147c277eff0224c061dd5a6a8e1373572ac817ac6324f1b1e0",
                "sha256:c9d317efde4bafbc1561509bfa8a23c5cab66c44d49ab5b63ff690f5159b2304",
                "sha256:cc411ad324a4486b142c41d9b2b6a722c534096963688d879ea6fa8a35028258",
                "sha256:cdc13a1682b2a6241080745b1953719e7fe0850b40a5c71ca574f090a1391df6",
                "sha256:cfd7c5dd3c35c19cec59c63df9571c67c6d6e5c92e0fe63517920e97f61106d1",
                "sha256:d15a801d9037d7512edb2f1e196acebb16ab17bef4b25a91ea2e9a455ca353af",
                "sha256:e1cacf4796b20865789083252186ce9dc6cc59eca0c2e79cca332bdff24ac481",
                "sha256:e70d4e467e243455492f5de463b72151cc400710ac03a0678206a5f27e79ddef",
                "sha256:ecc930ae559ea8a43377e8b60ca6f8d61ac532fc57efb915d899de4a67928efd",
                "sha256:f161af26f596131b63b236372e4ce40f3167c1b5b5d459b29d2514bd8c9dc9ee"
            ],
            "index": "pypi",
            "version": "==4.5.2"
        },
        "mccabe": {
            "hashes": [
                "sha256:ab8a6258860da4b6677da4bd2fe5dc2c659cff31b3ee4f7f5d64e79735b80d42",
                "sha256:dd8d182285a0fe56bace7f45b5e7d1a6ebcbf524e8f3bd87eb0f125271b8831f"
            ],
            "version": "==0.6.1"
        },
        "oauth2client": {
            "hashes": [
                "sha256:b8a81cc5d60e2d364f0b1b98f958dbd472887acaf1a5b05e21c28c31a2d6d3ac",
                "sha256:d486741e451287f69568a4d26d70d9acd73a2bbfa275746c535b4209891cccc6"
            ],
            "index": "pypi",
            "version": "==4.1.3"
        },
        "oauthlib": {
            "hashes": [
                "sha256:bee41cc35fcca6e988463cacc3bcb8a96224f470ca547e697b604cc697b2f889",
                "sha256:df884cd6cbe20e32633f1db1072e9356f53638e4361bef4e8b03c9127c9328ea"
            ],
            "version": "==3.1.0"
        },
        "openpyxl": {
            "hashes": [
                "sha256:18e11f9a650128a12580a58e3daba14e00a11d9e907c554a17ea016bf1a2c71b",
                "sha256:f7d666b569f729257082cf7ddc56262431878f602dcc2bc3980775c59439cdab"
            ],
            "index": "pypi",
            "version": "==3.0.5"
        },
        "pyasn1": {
            "hashes": [
                "sha256:39c7e2ec30515947ff4e87fb6f456dfc6e84857d34be479c9d4a4ba4bf46aa5d",
                "sha256:aef77c9fb94a3ac588e87841208bdec464471d9871bd5050a287cc9a475cd0ba"
            ],
            "version": "==0.4.8"
        },
        "pyasn1-modules": {
            "hashes": [
                "sha256:905f84c712230b2c592c19470d3ca8d552de726050d1d1716282a1f6146be65e",
                "sha256:a50b808ffeb97cb3601dd25981f6b016cbb3d31fbf57a8b8a87428e6158d0c74"
            ],
            "version": "==0.2.8"
        },
        "pylint": {
            "hashes": [
                "sha256:bb4a908c9dadbc3aac18860550e870f58e1a02c9f2c204fdf5693d73be061210",
                "sha256:bfe68f020f8a0fece830a22dd4d5dddb4ecc6137db04face4c3420a46a52239f"
            ],
            "index": "pypi",
            "version": "==2.6.0"
        },
        "pymysql": {
            "hashes": [
                "sha256:adef15ceccf1ff544a23a6f46609f65187261dc8b0cf94c9644189c173b0a451",
                "sha256:e14070bc84e050e0f80bf6063e31d276f03a0bb4d46b9eca2854566c4ae19837"
            ],
            "index": "pypi",
            "version": "==0.10.0"
        },
        "pyparsing": {
            "hashes": [
                "sha256:c203ec8783bf771a155b207279b9bccb8dea02d8f0c9e5f8ead507bc3246ecc1",
                "sha256:ef9d7589ef3c200abe66653d3f1ab1033c3c419ae9b9bdb1240a85b024efc88b"
            ],
            "version": "==2.4.7"
        },
        "requests": {
            "hashes": [
                "sha256:b3559a131db72c33ee969480840fff4bb6dd111de7dd27c8ee1f820f4f00231b",
                "sha256:fe75cc94a9443b9246fc7049224f75604b113c36acb93f87b80ed42c44cbb898"
            ],
            "index": "pypi",
            "version": "==2.24.0"
        },
        "requests-oauthlib": {
            "hashes": [
                "sha256:7f71572defaecd16372f9006f33c2ec8c077c3cfa6f5911a9a90202beb513f3d",
                "sha256:b4261601a71fd721a8bd6d7aa1cc1d6a8a93b4a9f5e96626f8e4d91e8beeaa6a"
            ],
            "version": "==1.3.0"
        },
        "rsa": {
            "hashes": [
                "sha256:69805d6b69f56eb05b62daea3a7dbd7aa44324ad1306445e05da8060232d00f4",
                "sha256:a8774e55b59fd9fc893b0d05e9bfc6f47081f46ff5b46f39ccf24631b7be356b"
            ],
            "index": "pypi",
            "version": "==4.7"
        },
        "selenium": {
            "hashes": [
                "sha256:2d7131d7bc5a5b99a2d9b04aaf2612c411b03b8ca1b1ee8d3de5845a9be2cb3c",
                "sha256:deaf32b60ad91a4611b98d8002757f29e6f2c2d5fcaf202e1c9ad06d6772300d"
            ],
            "index": "pypi",
            "version": "==3.141.0"
        },
        "six": {
            "hashes": [
                "sha256:30639c035cdb23534cd4aa2dd52c3bf48f06e5f4a941509c8bafd8ce11080259",
                "sha256:8b74bedcbbbaca38ff6d7491d76f2b06b3592611af620f8426e82dddb04a5ced"
            ],
            "version": "==1.15.0"
        },
        "soupsieve": {
            "hashes": [
                "sha256:052774848f448cf19c7e959adf5566904d525f33a3f8b6ba6f6f8f26ec7de0cc",
                "sha256:c2c1c2d44f158cdbddab7824a9af8c4f83c76b1e23e049479aa432feb6c4c23b"
            ],
            "version": "==2.2.1"
        },
        "toml": {
            "hashes": [
                "sha256:806143ae5bfb6a3c6e736a764057db0e6a0e05e338b5630894a5f779cabb4f9b",
                "sha256:b3bda1d108d5dd99f4a20d24d9c348e91c4db7ab1b749200bded2f839ccbe68f"
            ],
            "version": "==0.10.2"
        },
        "urllib3": {
            "hashes": [
                "sha256:8d7eaa5a82a1cac232164990f04874c594c9453ec55eef02eab885aa02fc17a2",
                "sha256:f5321fbe4bf3fefa0efd0bfe7fb14e90909eb62a48ccda331726b4319897dd5e"
            ],
            "version": "==1.25.11"
        },
        "webdriver-manager": {
            "hashes": [
                "sha256:18a665c6400bb7cf1a9ec9e1030ac5539cd5c892c97075f58940c62971470ce3",
                "sha256:c2d4ee0a78226c355f3657dd0337e515187585a1497229af2ce5f4705234da9c"
            ],
            "index": "pypi",
            "version": "==3.2.2"
        },
        "wrapt": {
            "hashes": [
                "sha256:b62ffa81fb85f4332a4f609cab4ac40709470da05643a082ec1eb88e6d9b97d7"
            ],
            "version": "==1.12.1"
        }
    },
    "develop": {
        "autopep8": {
            "hashes": [
                "sha256:d21d3901cb0da6ebd1e83fc9b0dfbde8b46afc2ede4fe32fbda0c7c6118ca094"
            ],
            "index": "pypi",
            "version": "==1.5.4"
        },
        "pycodestyle": {
            "hashes": [
                "sha256:514f76d918fcc0b55c6680472f0a37970994e07bbb80725808c17089be302068",
                "sha256:c389c1d06bf7904078ca03399a4816f974a1d590090fecea0c63ec26ebaf1cef"
            ],
            "version": "==2.7.0"
        },
        "toml": {
            "hashes": [
                "sha256:806143ae5bfb6a3c6e736a764057db0e6a0e05e338b5630894a5f779cabb4f9b",
                "sha256:b3bda1d108d5dd99f4a20d24d9c348e91c4db7ab1b749200bded2f839ccbe68f"
            ],
            "version": "==0.10.2"
        }
    }
}
